
Microsoft Visual Studio Solution File, Format Version 12.00
# Visual Studio Version 17
VisualStudioVersion = 17.0.31903.59
MinimumVisualStudioVersion = 10.0.40219.1
Project("{9A19103F-16F7-4668-BE54-9A1E7A4F7556}") = "DiscountSvc-Provider", "DiscountSvc-Provider\DiscountSvc-Provider.csproj", "{5070932F-BA51-4DC4-B6AD-622C21477D4B}"
EndProject
Project("{9A19103F-16F7-4668-BE54-9A1E7A4F7556}") = "OrderSvc-Consumer", "OrderSvc-Consumer\OrderSvc-Consumer.csproj", "{9F45C12F-75E5-42A0-943A-6DD95A9EBBF6}"
EndProject
Project("{9A19103F-16F7-4668-BE54-9A1E7A4F7556}") = "OrderSvc-Test", "OrderSvc-Test\OrderSvc-Test.csproj", "{026023B7-8E4E-4F53-B01D-B1143239C13F}"
EndProject
Project("{FAE04EC0-301F-11D3-BF4B-00C04F79EFBC}") = "DiscountSvc-Test", "DiscountSvc-Test\DiscountSvc-Test.csproj", "{1F7616BC-0878-4D34-B922-4AAC5C8DB724}"
EndProject
Global
	GlobalSection(SolutionConfigurationPlatforms) = preSolution
		Debug|Any CPU = Debug|Any CPU
		Release|Any CPU = Release|Any CPU
	EndGlobalSection
	GlobalSection(ProjectConfigurationPlatforms) = postSolution
		{5070932F-BA51-4DC4-B6AD-622C21477D4B}.Debug|Any CPU.ActiveCfg = Debug|Any CPU
		{5070932F-BA51-4DC4-B6AD-622C21477D4B}.Debug|Any CPU.Build.0 = Debug|Any CPU
		{5070932F-BA51-4DC4-B6AD-622C21477D4B}.Release|Any CPU.ActiveCfg = Release|Any CPU
		{5070932F-BA51-4DC4-B6AD-622C21477D4B}.Release|Any CPU.Build.0 = Release|Any CPU
		{9F45C12F-75E5-42A0-943A-6DD95A9EBBF6}.Debug|Any CPU.ActiveCfg = Debug|Any CPU
		{9F45C12F-75E5-42A0-943A-6DD95A9EBBF6}.Debug|Any CPU.Build.0 = Debug|Any CPU
		{9F45C12F-75E5-42A0-943A-6DD95A9EBBF6}.Release|Any CPU.ActiveCfg = Release|Any CPU
		{9F45C12F-75E5-42A0-943A-6DD95A9EBBF6}.Release|Any CPU.Build.0 = Release|Any CPU
		{026023B7-8E4E-4F53-B01D-B1143239C13F}.Debug|Any CPU.ActiveCfg = Debug|Any CPU
		{026023B7-8E4E-4F53-B01D-B1143239C13F}.Debug|Any CPU.Build.0 = Debug|Any CPU
		{026023B7-8E4E-4F53-B01D-B1143239C13F}.Release|Any CPU.ActiveCfg = Release|Any CPU
		{026023B7-8E4E-4F53-B01D-B1143239C13F}.Release|Any CPU.Build.0 = Release|Any CPU
		{1F7616BC-0878-4D34-B922-4AAC5C8DB724}.Debug|Any CPU.ActiveCfg = Debug|Any CPU
		{1F7616BC-0878-4D34-B922-4AAC5C8DB724}.Debug|Any CPU.Build.0 = Debug|Any CPU
		{1F7616BC-0878-4D34-B922-4AAC5C8DB724}.Release|Any CPU.ActiveCfg = Release|Any CPU
		{1F7616BC-0878-4D34-B922-4AAC5C8DB724}.Release|Any CPU.Build.0 = Release|Any CPU
	EndGlobalSection
	GlobalSection(SolutionProperties) = preSolution
		HideSolutionNode = FALSE
	EndGlobalSection
	GlobalSection(ExtensibilityGlobals) = postSolution
		SolutionGuid = {D6FF49C5-9D4C-49BB-B116-553D98F91BAD}
	EndGlobalSection
EndGlobal
